{
  "name": "@tzstamp/cli",
  "version": "0.1.0",
  "lockfileVersion": 2,
  "requires": true,
  "packages": {
    "": {
      "name": "@tzstamp/cli",
      "version": "0.1.0",
      "license": "MIT",
      "dependencies": {
        "@tzstamp/helpers": "^0.1.1",
        "@tzstamp/proof": "^0.2.0",
        "chalk": "^4.1.1",
        "delay": "^5.0.0",
        "minimist": "^1.2.5",
        "node-fetch": "^2.6.1"
      },
      "bin": {
        "tzstamp": "bin/index.js"
      }
    },
    "node_modules/@tzstamp/helpers": {
      "version": "0.1.1",
      "resolved": "https://registry.npmjs.org/@tzstamp/helpers/-/helpers-0.1.1.tgz",
      "integrity": "sha512-luNCzlp9vuNlGFAkxvtVRgxIkDTkwAxhRsSnX437q4QfsWOpLBPIL9XWVt4rJ7rwzQbnHNZKQ6yai++28XWdyw=="
    },
    "node_modules/@tzstamp/proof": {
      "version": "0.2.0",
      "resolved": "https://registry.npmjs.org/@tzstamp/proof/-/proof-0.2.0.tgz",
      "integrity": "sha512-fUWIB1rUaMtL6dvS5L/6NSmQ6wzKNIMY1Pr/sLIPn6HepG9nWG29NJ7rWh9f1GERwkL69CgJIlEaJgXFf62vlw==",
      "dependencies": {
        "@tzstamp/helpers": "^0.2.0",
        "jtd": "^0.1.1",
        "node-fetch": "^2.6.1"
      }
    },
    "node_modules/@tzstamp/proof/node_modules/@tzstamp/helpers": {
      "version": "0.2.0",
      "resolved": "https://registry.npmjs.org/@tzstamp/helpers/-/helpers-0.2.0.tgz",
      "integrity": "sha512-AQmwbUQQqkKi76R7n5lEJrZ4rLqgslvdfxKqTH/2vkLu/IKm5v0FNOmLQFtGRu4TOB9uwrOlJ/VPs3PmxjyDkQ=="
    },
    "node_modules/ansi-styles": {
      "version": "4.3.0",
      "resolved": "https://registry.npmjs.org/ansi-styles/-/ansi-styles-4.3.0.tgz",
      "integrity": "sha512-zbB9rCJAT1rbjiVDb2hqKFHNYLxgtk8NURxZ3IZwD3F6NtxbXZQCnnSi1Lkx+IDohdPlFp222wVALIheZJQSEg==",
      "dependencies": {
        "color-convert": "^2.0.1"
      },
      "engines": {
        "node": ">=8"
      },
      "funding": {
        "url": "https://github.com/chalk/ansi-styles?sponsor=1"
      }
    },
    "node_modules/chalk": {
      "version": "4.1.1",
      "resolved": "https://registry.npmjs.org/chalk/-/chalk-4.1.1.tgz",
      "integrity": "sha512-diHzdDKxcU+bAsUboHLPEDQiw0qEe0qd7SYUn3HgcFlWgbDcfLGswOHYeGrHKzG9z6UYf01d9VFMfZxPM1xZSg==",
      "dependencies": {
        "ansi-styles": "^4.1.0",
        "supports-color": "^7.1.0"
      },
      "engines": {
        "node": ">=10"
      },
      "funding": {
        "url": "https://github.com/chalk/chalk?sponsor=1"
      }
    },
    "node_modules/color-convert": {
      "version": "2.0.1",
      "resolved": "https://registry.npmjs.org/color-convert/-/color-convert-2.0.1.tgz",
      "integrity": "sha512-RRECPsj7iu/xb5oKYcsFHSppFNnsj/52OVTRKb4zP5onXwVF3zVmmToNcOfGC+CRDpfK/U584fMg38ZHCaElKQ==",
      "dependencies": {
        "color-name": "~1.1.4"
      },
      "engines": {
        "node": ">=7.0.0"
      }
    },
    "node_modules/color-name": {
      "version": "1.1.4",
      "resolved": "https://registry.npmjs.org/color-name/-/color-name-1.1.4.tgz",
      "integrity": "sha512-dOy+3AuW3a2wNbZHIuMZpTcgjGuLU/uBL/ubcZF9OXbDo8ff4O8yVp5Bf0efS8uEoYo5q4Fx7dY9OgQGXgAsQA=="
    },
    "node_modules/delay": {
      "version": "5.0.0",
      "resolved": "https://registry.npmjs.org/delay/-/delay-5.0.0.tgz",
      "integrity": "sha512-ReEBKkIfe4ya47wlPYf/gu5ib6yUG0/Aez0JQZQz94kiWtRQvZIQbTiehsnwHvLSWJnQdhVeqYue7Id1dKr0qw==",
      "engines": {
        "node": ">=10"
      },
      "funding": {
        "url": "https://github.com/sponsors/sindresorhus"
      }
    },
    "node_modules/has-flag": {
      "version": "4.0.0",
      "resolved": "https://registry.npmjs.org/has-flag/-/has-flag-4.0.0.tgz",
      "integrity": "sha512-EykJT/Q1KjTWctppgIAgfSO0tKVuZUjhgMr17kqTumMl6Afv3EISleU7qZUzoXDFTAHTDC4NOoG/ZxU3EvlMPQ==",
      "engines": {
        "node": ">=8"
      }
    },
    "node_modules/jtd": {
      "version": "0.1.1",
      "resolved": "https://registry.npmjs.org/jtd/-/jtd-0.1.1.tgz",
      "integrity": "sha512-D1unKfAE0A/sVLqJZs8mCSW812w651GJuV94WcXRAbx0Xv2j2yjW8qeO5pugXbTMX4k2/ojIH8kQ06LGj9QcaA=="
    },
    "node_modules/minimist": {
      "version": "1.2.5",
      "resolved": "https://registry.npmjs.org/minimist/-/minimist-1.2.5.tgz",
      "integrity": "sha512-FM9nNUYrRBAELZQT3xeZQ7fmMOBg6nWNmJKTcgsJeaLstP/UODVpGsr5OhXhhXg6f+qtJ8uiZ+PUxkDWcgIXLw=="
    },
    "node_modules/node-fetch": {
      "version": "2.6.1",
      "resolved": "https://registry.npmjs.org/node-fetch/-/node-fetch-2.6.1.tgz",
      "integrity": "sha512-V4aYg89jEoVRxRb2fJdAg8FHvI7cEyYdVAh94HH0UIK8oJxUfkjlDQN9RbMx+bEjP7+ggMiFRprSti032Oipxw==",
      "engines": {
        "node": "4.x || >=6.0.0"
      }
    },
    "node_modules/supports-color": {
      "version": "7.2.0",
      "resolved": "https://registry.npmjs.org/supports-color/-/supports-color-7.2.0.tgz",
      "integrity": "sha512-qpCAvRl9stuOHveKsn7HncJRvv501qIacKzQlO/+Lwxc9+0q2wLyv4Dfvt80/DPn2pqOBsJdDiogXGR9+OvwRw==",
      "dependencies": {
        "has-flag": "^4.0.0"
      },
      "engines": {
        "node": ">=8"
      }
    }
  },
  "dependencies": {
    "@tzstamp/helpers": {
      "version": "0.1.1",
      "resolved": "https://registry.npmjs.org/@tzstamp/helpers/-/helpers-0.1.1.tgz",
      "integrity": "sha512-luNCzlp9vuNlGFAkxvtVRgxIkDTkwAxhRsSnX437q4QfsWOpLBPIL9XWVt4rJ7rwzQbnHNZKQ6yai++28XWdyw=="
    },
    "@tzstamp/proof": {
      "version": "0.2.0",
      "resolved": "https://registry.npmjs.org/@tzstamp/proof/-/proof-0.2.0.tgz",
      "integrity": "sha512-fUWIB1rUaMtL6dvS5L/6NSmQ6wzKNIMY1Pr/sLIPn6HepG9nWG29NJ7rWh9f1GERwkL69CgJIlEaJgXFf62vlw==",
      "requires": {
        "@tzstamp/helpers": "^0.2.0",
        "jtd": "^0.1.1",
        "node-fetch": "^2.6.1"
      },
      "dependencies": {
        "@tzstamp/helpers": {
          "version": "0.2.0",
          "resolved": "https://registry.npmjs.org/@tzstamp/helpers/-/helpers-0.2.0.tgz",
          "integrity": "sha512-AQmwbUQQqkKi76R7n5lEJrZ4rLqgslvdfxKqTH/2vkLu/IKm5v0FNOmLQFtGRu4TOB9uwrOlJ/VPs3PmxjyDkQ=="
        }
      }
    },
    "ansi-styles": {
      "version": "4.3.0",
      "resolved": "https://registry.npmjs.org/ansi-styles/-/ansi-styles-4.3.0.tgz",
      "integrity": "sha512-zbB9rCJAT1rbjiVDb2hqKFHNYLxgtk8NURxZ3IZwD3F6NtxbXZQCnnSi1Lkx+IDohdPlFp222wVALIheZJQSEg==",
      "requires": {
        "color-convert": "^2.0.1"
      }
    },
    "chalk": {
      "version": "4.1.1",
      "resolved": "https://registry.npmjs.org/chalk/-/chalk-4.1.1.tgz",
      "integrity": "sha512-diHzdDKxcU+bAsUboHLPEDQiw0qEe0qd7SYUn3HgcFlWgbDcfLGswOHYeGrHKzG9z6UYf01d9VFMfZxPM1xZSg==",
      "requires": {
        "ansi-styles": "^4.1.0",
        "supports-color": "^7.1.0"
      }
    },
    "color-convert": {
      "version": "2.0.1",
      "resolved": "https://registry.npmjs.org/color-convert/-/color-convert-2.0.1.tgz",
      "integrity": "sha512-RRECPsj7iu/xb5oKYcsFHSppFNnsj/52OVTRKb4zP5onXwVF3zVmmToNcOfGC+CRDpfK/U584fMg38ZHCaElKQ==",
      "requires": {
        "color-name": "~1.1.4"
      }
    },
    "color-name": {
      "version": "1.1.4",
      "resolved": "https://registry.npmjs.org/color-name/-/color-name-1.1.4.tgz",
      "integrity": "sha512-dOy+3AuW3a2wNbZHIuMZpTcgjGuLU/uBL/ubcZF9OXbDo8ff4O8yVp5Bf0efS8uEoYo5q4Fx7dY9OgQGXgAsQA=="
    },
    "delay": {
      "version": "5.0.0",
      "resolved": "https://registry.npmjs.org/delay/-/delay-5.0.0.tgz",
      "integrity": "sha512-ReEBKkIfe4ya47wlPYf/gu5ib6yUG0/Aez0JQZQz94kiWtRQvZIQbTiehsnwHvLSWJnQdhVeqYue7Id1dKr0qw=="
    },
    "has-flag": {
      "version": "4.0.0",
      "resolved": "https://registry.npmjs.org/has-flag/-/has-flag-4.0.0.tgz",
      "integrity": "sha512-EykJT/Q1KjTWctppgIAgfSO0tKVuZUjhgMr17kqTumMl6Afv3EISleU7qZUzoXDFTAHTDC4NOoG/ZxU3EvlMPQ=="
    },
    "jtd": {
      "version": "0.1.1",
      "resolved": "https://registry.npmjs.org/jtd/-/jtd-0.1.1.tgz",
      "integrity": "sha512-D1unKfAE0A/sVLqJZs8mCSW812w651GJuV94WcXRAbx0Xv2j2yjW8qeO5pugXbTMX4k2/ojIH8kQ06LGj9QcaA=="
    },
    "minimist": {
      "version": "1.2.5",
      "resolved": "https://registry.npmjs.org/minimist/-/minimist-1.2.5.tgz",
      "integrity": "sha512-FM9nNUYrRBAELZQT3xeZQ7fmMOBg6nWNmJKTcgsJeaLstP/UODVpGsr5OhXhhXg6f+qtJ8uiZ+PUxkDWcgIXLw=="
    },
    "node-fetch": {
      "version": "2.6.1",
      "resolved": "https://registry.npmjs.org/node-fetch/-/node-fetch-2.6.1.tgz",
      "integrity": "sha512-V4aYg89jEoVRxRb2fJdAg8FHvI7cEyYdVAh94HH0UIK8oJxUfkjlDQN9RbMx+bEjP7+ggMiFRprSti032Oipxw=="
    },
    "supports-color": {
      "version": "7.2.0",
      "resolved": "https://registry.npmjs.org/supports-color/-/supports-color-7.2.0.tgz",
      "integrity": "sha512-qpCAvRl9stuOHveKsn7HncJRvv501qIacKzQlO/+Lwxc9+0q2wLyv4Dfvt80/DPn2pqOBsJdDiogXGR9+OvwRw==",
      "requires": {
        "has-flag": "^4.0.0"
      }
    }
  }
}
