{
  "name": "@tzstamp/tezos-merkle",
  "version": "0.3.4",
  "lockfileVersion": 2,
  "requires": true,
  "packages": {
    "": {
      "name": "@tzstamp/tezos-merkle",
      "version": "0.3.4",
      "license": "MIT",
      "dependencies": {
        "@tzstamp/helpers": "^0.3.4",
        "@tzstamp/proof": "^0.3.4"
      },
      "devDependencies": {
        "@types/node": "^15.0.2"
      }
    },
    "node_modules/@types/node": {
      "version": "15.0.2",
      "resolved": "https://registry.npmjs.org/@types/node/-/node-15.0.2.tgz",
      "integrity": "sha512-p68+a+KoxpoB47015IeYZYRrdqMUcpbK8re/zpFB8Ld46LHC1lPEbp3EXgkEhAYEcPvjJF6ZO+869SQ0aH1dcA==",
      "dev": true
    },
    "node_modules/@tzstamp/helpers": {
      "version": "0.3.4",
      "resolved": "https://registry.npmjs.org/@tzstamp/helpers/-/helpers-0.3.4.tgz",
      "integrity": "sha512-UM/Sd15xy5EBKJx5UZL/D2H1YETJxyTnbnmEO9zXiTTQ6DAlBuKdsihhspHqymySEznCRO9b6dHkaPkQsqM6Vg=="
    },
    "node_modules/@tzstamp/proof": {
      "version": "0.3.4",
      "resolved": "https://registry.npmjs.org/@tzstamp/proof/-/proof-0.3.4.tgz",
      "integrity": "sha512-K3/aMpDyolmtYH2KoNxTloFF3OSPn1K1MtdA76zmjOqnyQ9T00h2f4bbvpdBL4ONRPLR2wMcS74VYiFG/FwUtg==",
      "dependencies": {
        "@tzstamp/helpers": "^0.3.4",
        "jtd": "^0.1.1",
        "node-fetch": "^2.6.1"
      }
    },
    "node_modules/jtd": {
      "version": "0.1.1",
      "resolved": "https://registry.npmjs.org/jtd/-/jtd-0.1.1.tgz",
      "integrity": "sha512-D1unKfAE0A/sVLqJZs8mCSW812w651GJuV94WcXRAbx0Xv2j2yjW8qeO5pugXbTMX4k2/ojIH8kQ06LGj9QcaA=="
    },
    "node_modules/node-fetch": {
      "version": "2.6.1",
      "resolved": "https://registry.npmjs.org/node-fetch/-/node-fetch-2.6.1.tgz",
      "integrity": "sha512-V4aYg89jEoVRxRb2fJdAg8FHvI7cEyYdVAh94HH0UIK8oJxUfkjlDQN9RbMx+bEjP7+ggMiFRprSti032Oipxw==",
      "engines": {
        "node": "4.x || >=6.0.0"
      }
    }
  },
  "dependencies": {
    "@types/node": {
      "version": "15.0.2",
      "resolved": "https://registry.npmjs.org/@types/node/-/node-15.0.2.tgz",
      "integrity": "sha512-p68+a+KoxpoB47015IeYZYRrdqMUcpbK8re/zpFB8Ld46LHC1lPEbp3EXgkEhAYEcPvjJF6ZO+869SQ0aH1dcA==",
      "dev": true
    },
    "@tzstamp/helpers": {
      "version": "0.3.4",
      "resolved": "https://registry.npmjs.org/@tzstamp/helpers/-/helpers-0.3.4.tgz",
      "integrity": "sha512-UM/Sd15xy5EBKJx5UZL/D2H1YETJxyTnbnmEO9zXiTTQ6DAlBuKdsihhspHqymySEznCRO9b6dHkaPkQsqM6Vg=="
    },
    "@tzstamp/proof": {
      "version": "0.3.4",
      "resolved": "https://registry.npmjs.org/@tzstamp/proof/-/proof-0.3.4.tgz",
      "integrity": "sha512-K3/aMpDyolmtYH2KoNxTloFF3OSPn1K1MtdA76zmjOqnyQ9T00h2f4bbvpdBL4ONRPLR2wMcS74VYiFG/FwUtg==",
      "requires": {
        "@tzstamp/helpers": "^0.3.4",
        "jtd": "^0.1.1",
        "node-fetch": "^2.6.1"
      }
    },
    "jtd": {
      "version": "0.1.1",
      "resolved": "https://registry.npmjs.org/jtd/-/jtd-0.1.1.tgz",
      "integrity": "sha512-D1unKfAE0A/sVLqJZs8mCSW812w651GJuV94WcXRAbx0Xv2j2yjW8qeO5pugXbTMX4k2/ojIH8kQ06LGj9QcaA=="
    },
    "node-fetch": {
      "version": "2.6.1",
      "resolved": "https://registry.npmjs.org/node-fetch/-/node-fetch-2.6.1.tgz",
      "integrity": "sha512-V4aYg89jEoVRxRb2fJdAg8FHvI7cEyYdVAh94HH0UIK8oJxUfkjlDQN9RbMx+bEjP7+ggMiFRprSti032Oipxw=="
    }
  }
}
